
Microsoft Visual Studio Solution File, Format Version 12.00
# Visual Studio Version 17
VisualStudioVersion = 17.1.32210.238
MinimumVisualStudioVersion = 10.0.40219.1
Project("{8BC9CEB8-8B4A-11D0-8D11-00A0C91BC942}") = "202202918 이희건 컴퓨터 프로그래밍 과제", "202202918 이희건 컴퓨터 프로그래밍 과제.vcxproj", "{42B6D46C-7EEA-40DC-BA2B-6F3DA64D563B}"
EndProject
Global
	GlobalSection(SolutionConfigurationPlatforms) = preSolution
		Debug|x64 = Debug|x64
		Debug|x86 = Debug|x86
		Release|x64 = Release|x64
		Release|x86 = Release|x86
	EndGlobalSection
	GlobalSection(ProjectConfigurationPlatforms) = postSolution
		{42B6D46C-7EEA-40DC-BA2B-6F3DA64D563B}.Debug|x64.ActiveCfg = Debug|x64
		{42B6D46C-7EEA-40DC-BA2B-6F3DA64D563B}.Debug|x64.Build.0 = Debug|x64
		{42B6D46C-7EEA-40DC-BA2B-6F3DA64D563B}.Debug|x86.ActiveCfg = Debug|Win32
		{42B6D46C-7EEA-40DC-BA2B-6F3DA64D563B}.Debug|x86.Build.0 = Debug|Win32
		{42B6D46C-7EEA-40DC-BA2B-6F3DA64D563B}.Release|x64.ActiveCfg = Release|x64
		{42B6D46C-7EEA-40DC-BA2B-6F3DA64D563B}.Release|x64.Build.0 = Release|x64
		{42B6D46C-7EEA-40DC-BA2B-6F3DA64D563B}.Release|x86.ActiveCfg = Release|Win32
		{42B6D46C-7EEA-40DC-BA2B-6F3DA64D563B}.Release|x86.Build.0 = Release|Win32
	EndGlobalSection
	GlobalSection(SolutionProperties) = preSolution
		HideSolutionNode = FALSE
	EndGlobalSection
	GlobalSection(ExtensibilityGlobals) = postSolution
		SolutionGuid = {22E5DD0D-98B1-4BDA-B12A-E7EF3FDF5B07}
	EndGlobalSection
EndGlobal
